
Microsoft Visual Studio Solution File, Format Version 12.00
# Visual Studio Version 16
VisualStudioVersion = 16.0.31702.278
MinimumVisualStudioVersion = 10.0.40219.1
Project("{FAE04EC0-301F-11D3-BF4B-00C04F79EFBC}") = "ContractsOfFirmsApplication.AZujkov", "ContractsOfFirmsApplication.AZujkov\ContractsOfFirmsApplication.AZujkov.csproj", "{B9D6ABCF-5402-41E8-8899-4708B16A2EDC}"
EndProject
Global
	GlobalSection(SolutionConfigurationPlatforms) = preSolution
		Debug|Any CPU = Debug|Any CPU
		Release|Any CPU = Release|Any CPU
	EndGlobalSection
	GlobalSection(ProjectConfigurationPlatforms) = postSolution
		{B9D6ABCF-5402-41E8-8899-4708B16A2EDC}.Debug|Any CPU.ActiveCfg = Debug|Any CPU
		{B9D6ABCF-5402-41E8-8899-4708B16A2EDC}.Debug|Any CPU.Build.0 = Debug|Any CPU
		{B9D6ABCF-5402-41E8-8899-4708B16A2EDC}.Release|Any CPU.ActiveCfg = Release|Any CPU
		{B9D6ABCF-5402-41E8-8899-4708B16A2EDC}.Release|Any CPU.Build.0 = Release|Any CPU
	EndGlobalSection
	GlobalSection(SolutionProperties) = preSolution
		HideSolutionNode = FALSE
	EndGlobalSection
	GlobalSection(ExtensibilityGlobals) = postSolution
		SolutionGuid = {912484C9-1A18-488F-970F-CBB10A0CD477}
	EndGlobalSection
EndGlobal
